
Microsoft Visual Studio Solution File, Format Version 12.00
# Visual Studio Version 17
VisualStudioVersion = 17.14.36202.13 d17.14
MinimumVisualStudioVersion = 10.0.40219.1
Project("{FAE04EC0-301F-11D3-BF4B-00C04F79EFBC}") = "DiamondKata", "DiamondKata.csproj", "{0B7BA311-F1CC-4797-A601-721828FA0E33}"
EndProject
Project("{FAE04EC0-301F-11D3-BF4B-00C04F79EFBC}") = "DiamondKataTest", "..\diamondKataTest\DiamondKataTest.csproj", "{F309C758-7B2D-4ECC-99B0-E113B2A4C555}"
EndProject
Global
	GlobalSection(SolutionConfigurationPlatforms) = preSolution
		Debug|Any CPU = Debug|Any CPU
		Release|Any CPU = Release|Any CPU
	EndGlobalSection
	GlobalSection(ProjectConfigurationPlatforms) = postSolution
		{0B7BA311-F1CC-4797-A601-721828FA0E33}.Debug|Any CPU.ActiveCfg = Debug|Any CPU
		{0B7BA311-F1CC-4797-A601-721828FA0E33}.Debug|Any CPU.Build.0 = Debug|Any CPU
		{0B7BA311-F1CC-4797-A601-721828FA0E33}.Release|Any CPU.ActiveCfg = Release|Any CPU
		{0B7BA311-F1CC-4797-A601-721828FA0E33}.Release|Any CPU.Build.0 = Release|Any CPU
		{F309C758-7B2D-4ECC-99B0-E113B2A4C555}.Debug|Any CPU.ActiveCfg = Debug|Any CPU
		{F309C758-7B2D-4ECC-99B0-E113B2A4C555}.Debug|Any CPU.Build.0 = Debug|Any CPU
		{F309C758-7B2D-4ECC-99B0-E113B2A4C555}.Release|Any CPU.ActiveCfg = Release|Any CPU
		{F309C758-7B2D-4ECC-99B0-E113B2A4C555}.Release|Any CPU.Build.0 = Release|Any CPU
	EndGlobalSection
	GlobalSection(SolutionProperties) = preSolution
		HideSolutionNode = FALSE
	EndGlobalSection
	GlobalSection(ExtensibilityGlobals) = postSolution
		SolutionGuid = {9F356D78-A366-4628-B4A7-7C2FB31B1041}
	EndGlobalSection
EndGlobal
